
Microsoft Visual Studio Solution File, Format Version 12.00
# Visual Studio Version 17
VisualStudioVersion = 17.11.35312.102
MinimumVisualStudioVersion = 10.0.40219.1
Project("{FAE04EC0-301F-11D3-BF4B-00C04F79EFBC}") = "Iei", "Iei.csproj", "{C8DB4328-B3D8-4263-B2CE-572FB0D869AD}"
EndProject
Global
	GlobalSection(SolutionConfigurationPlatforms) = preSolution
		Debug|Any CPU = Debug|Any CPU
		Release|Any CPU = Release|Any CPU
	EndGlobalSection
	GlobalSection(ProjectConfigurationPlatforms) = postSolution
		{C8DB4328-B3D8-4263-B2CE-572FB0D869AD}.Debug|Any CPU.ActiveCfg = Debug|Any CPU
		{C8DB4328-B3D8-4263-B2CE-572FB0D869AD}.Debug|Any CPU.Build.0 = Debug|Any CPU
		{C8DB4328-B3D8-4263-B2CE-572FB0D869AD}.Release|Any CPU.ActiveCfg = Release|Any CPU
		{C8DB4328-B3D8-4263-B2CE-572FB0D869AD}.Release|Any CPU.Build.0 = Release|Any CPU
	EndGlobalSection
	GlobalSection(SolutionProperties) = preSolution
		HideSolutionNode = FALSE
	EndGlobalSection
	GlobalSection(ExtensibilityGlobals) = postSolution
		SolutionGuid = {0FA85EAB-4F50-4902-9536-E29C3E744F2E}
	EndGlobalSection
EndGlobal
